{
  "name": "datamaker",
  "version": "2.1.1",
  "lockfileVersion": 2,
  "requires": true,
  "packages": {
    "": {
      "name": "datamaker",
      "version": "2.1.1",
      "license": "Apache-2.0",
      "dependencies": {
        "kuuid": "^3.0.1"
      },
      "bin": {
        "datamaker": "bin/datamaker.bin.js"
      }
    },
    "node_modules/kuuid": {
      "version": "3.0.1",
      "resolved": "https://registry.npmjs.org/kuuid/-/kuuid-3.0.1.tgz",
      "integrity": "sha512-sVjrsdiaCfzCEoJrNXqZD71L7tYQglvvFKKpoZT45/H3QevYkqxUuIJXkXQ9IfZqOYIxjakb+xoL4u4VIKEo/Q==",
      "license": "Apache-2.0"
    }
  },
  "dependencies": {
    "kuuid": {
      "version": "3.0.1",
      "resolved": "https://registry.npmjs.org/kuuid/-/kuuid-3.0.1.tgz",
      "integrity": "sha512-sVjrsdiaCfzCEoJrNXqZD71L7tYQglvvFKKpoZT45/H3QevYkqxUuIJXkXQ9IfZqOYIxjakb+xoL4u4VIKEo/Q=="
    }
  }
}
