{
  "name": "datamaker",
  "version": "2.1.0",
  "lockfileVersion": 2,
  "requires": true,
  "packages": {
    "": {
      "name": "datamaker",
      "version": "2.1.0",
      "license": "Apache-2.0",
      "dependencies": {
        "kuuid": "^3.0.0"
      },
      "bin": {
        "datamaker": "bin/datamaker.bin.js"
      }
    },
    "node_modules/kuuid": {
      "version": "3.0.0",
      "resolved": "https://registry.npmjs.org/kuuid/-/kuuid-3.0.0.tgz",
      "integrity": "sha512-tuDfK94WLTr8r5z6eVdTnpXw0a0UNXQDl1aA7Aat7n75GdhNUzYermlqxijzyILPf5vNFN0oFluWPdSczqVy5A==",
      "license": "Apache-2.0"
    }
  },
  "dependencies": {
    "kuuid": {
      "version": "3.0.0",
      "resolved": "https://registry.npmjs.org/kuuid/-/kuuid-3.0.0.tgz",
      "integrity": "sha512-tuDfK94WLTr8r5z6eVdTnpXw0a0UNXQDl1aA7Aat7n75GdhNUzYermlqxijzyILPf5vNFN0oFluWPdSczqVy5A=="
    }
  }
}
