{
  "name": "datamaker",
  "version": "0.14.0",
  "lockfileVersion": 2,
  "requires": true,
  "packages": {
    "": {
      "name": "datamaker",
      "version": "0.14.0",
      "license": "Apache-2.0",
      "dependencies": {
        "kuuid": "^1.0.3"
      },
      "bin": {
        "datamaker": "bin/datamaker.bin.js"
      }
    },
    "node_modules/kuuid": {
      "version": "1.0.3",
      "resolved": "https://registry.npmjs.org/kuuid/-/kuuid-1.0.3.tgz",
      "integrity": "sha512-2XPG8+ikWFWdYEZYcEK1P1wiD9AmHQ6Eknu8G3fPukue9FDpPA+B4vdmt33ATrKAWhto1OANgEtQdxXHGjl4ng==",
      "engines": {
        "node": ">=16.0.0"
      }
    }
  },
  "dependencies": {
    "kuuid": {
      "version": "1.0.3",
      "resolved": "https://registry.npmjs.org/kuuid/-/kuuid-1.0.3.tgz",
      "integrity": "sha512-2XPG8+ikWFWdYEZYcEK1P1wiD9AmHQ6Eknu8G3fPukue9FDpPA+B4vdmt33ATrKAWhto1OANgEtQdxXHGjl4ng=="
    }
  }
}
